
Microsoft Visual Studio Solution File, Format Version 12.00
# Visual Studio Version 17
VisualStudioVersion = 17.5.002.0
MinimumVisualStudioVersion = 10.0.40219.1
Project("{9A19103F-16F7-4668-BE54-9A1E7A4F7556}") = "backend", "backend\backend.csproj", "{E698C4FD-557A-47AA-9D74-A8EBCB336316}"
EndProject
Global
	GlobalSection(SolutionConfigurationPlatforms) = preSolution
		Debug|Any CPU = Debug|Any CPU
		Release|Any CPU = Release|Any CPU
	EndGlobalSection
	GlobalSection(ProjectConfigurationPlatforms) = postSolution
		{E698C4FD-557A-47AA-9D74-A8EBCB336316}.Debug|Any CPU.ActiveCfg = Debug|Any CPU
		{E698C4FD-557A-47AA-9D74-A8EBCB336316}.Debug|Any CPU.Build.0 = Debug|Any CPU
		{E698C4FD-557A-47AA-9D74-A8EBCB336316}.Release|Any CPU.ActiveCfg = Release|Any CPU
		{E698C4FD-557A-47AA-9D74-A8EBCB336316}.Release|Any CPU.Build.0 = Release|Any CPU
	EndGlobalSection
	GlobalSection(SolutionProperties) = preSolution
		HideSolutionNode = FALSE
	EndGlobalSection
	GlobalSection(ExtensibilityGlobals) = postSolution
		SolutionGuid = {9F4C3BFF-BE25-48A4-BF1C-7D455F389590}
	EndGlobalSection
EndGlobal
